
Microsoft Visual Studio Solution File, Format Version 12.00
# Visual Studio 14
VisualStudioVersion = 14.0.25420.1
MinimumVisualStudioVersion = 10.0.40219.1
Project("{2150E333-8FDC-42A3-9474-1A3956D46DE8}") = "src", "src", "{E2043CBC-7451-412E-8436-320C46EF0985}"
EndProject
Project("{2150E333-8FDC-42A3-9474-1A3956D46DE8}") = "Solution Items", "Solution Items", "{3C2CAE36-EF25-4677-B39E-F49B65FC8DFC}"
	ProjectSection(SolutionItems) = preProject
		global.json = global.json
	EndProjectSection
EndProject
Project("{8BB2217D-0F2D-49D1-97BC-3654ED321F3B}") = "PaypalNETCore", "src\PaypalNETCore\PaypalNETCore.xproj", "{F1310E13-6D26-4C92-B23E-F31DE26A36BC}"
EndProject
Global
	GlobalSection(SolutionConfigurationPlatforms) = preSolution
		Debug|Any CPU = Debug|Any CPU
		Release|Any CPU = Release|Any CPU
	EndGlobalSection
	GlobalSection(ProjectConfigurationPlatforms) = postSolution
		{F1310E13-6D26-4C92-B23E-F31DE26A36BC}.Debug|Any CPU.ActiveCfg = Debug|Any CPU
		{F1310E13-6D26-4C92-B23E-F31DE26A36BC}.Debug|Any CPU.Build.0 = Debug|Any CPU
		{F1310E13-6D26-4C92-B23E-F31DE26A36BC}.Release|Any CPU.ActiveCfg = Release|Any CPU
		{F1310E13-6D26-4C92-B23E-F31DE26A36BC}.Release|Any CPU.Build.0 = Release|Any CPU
	EndGlobalSection
	GlobalSection(SolutionProperties) = preSolution
		HideSolutionNode = FALSE
	EndGlobalSection
	GlobalSection(NestedProjects) = preSolution
		{F1310E13-6D26-4C92-B23E-F31DE26A36BC} = {E2043CBC-7451-412E-8436-320C46EF0985}
	EndGlobalSection
EndGlobal
